
Microsoft Visual Studio Solution File, Format Version 12.00
Project("{FAE04EC0-301F-11D3-BF4B-00C04F79EFBC}") = "SyntaxFormatter", "SyntaxFormatter\SyntaxFormatter.csproj", "{70AE4E49-763D-4324-807F-122E2AB78945}"
EndProject
Global
	GlobalSection(SolutionConfigurationPlatforms) = preSolution
		Debug|Any CPU = Debug|Any CPU
		Release|Any CPU = Release|Any CPU
	EndGlobalSection
	GlobalSection(ProjectConfigurationPlatforms) = postSolution
		{70AE4E49-763D-4324-807F-122E2AB78945}.Debug|Any CPU.ActiveCfg = Debug|Any CPU
		{70AE4E49-763D-4324-807F-122E2AB78945}.Debug|Any CPU.Build.0 = Debug|Any CPU
		{70AE4E49-763D-4324-807F-122E2AB78945}.Release|Any CPU.ActiveCfg = Release|Any CPU
		{70AE4E49-763D-4324-807F-122E2AB78945}.Release|Any CPU.Build.0 = Release|Any CPU
	EndGlobalSection
EndGlobal
